
Microsoft Visual Studio Solution File, Format Version 12.00
# Visual Studio Version 16
VisualStudioVersion = 16.0.29519.87
MinimumVisualStudioVersion = 10.0.40219.1
Project("{FAE04EC0-301F-11D3-BF4B-00C04F79EFBC}") = "Task3", "Task3\Task3.csproj", "{CB9CC782-CD08-4DFB-A677-32A3676D1BC9}"
EndProject
Global
	GlobalSection(SolutionConfigurationPlatforms) = preSolution
		Debug|Any CPU = Debug|Any CPU
		Release|Any CPU = Release|Any CPU
	EndGlobalSection
	GlobalSection(ProjectConfigurationPlatforms) = postSolution
		{CB9CC782-CD08-4DFB-A677-32A3676D1BC9}.Debug|Any CPU.ActiveCfg = Debug|Any CPU
		{CB9CC782-CD08-4DFB-A677-32A3676D1BC9}.Debug|Any CPU.Build.0 = Debug|Any CPU
		{CB9CC782-CD08-4DFB-A677-32A3676D1BC9}.Release|Any CPU.ActiveCfg = Release|Any CPU
		{CB9CC782-CD08-4DFB-A677-32A3676D1BC9}.Release|Any CPU.Build.0 = Release|Any CPU
	EndGlobalSection
	GlobalSection(SolutionProperties) = preSolution
		HideSolutionNode = FALSE
	EndGlobalSection
	GlobalSection(ExtensibilityGlobals) = postSolution
		SolutionGuid = {8FDE23C6-422F-49B3-B594-0B5D5ABC0993}
	EndGlobalSection
EndGlobal
